
Microsoft Visual Studio Solution File, Format Version 12.00
# Visual Studio Version 16
VisualStudioVersion = 16.0.29609.76
MinimumVisualStudioVersion = 10.0.40219.1
Project("{8BC9CEB8-8B4A-11D0-8D11-00A0C91BC942}") = "LeetCode", "LeetCode\LeetCode.vcxproj", "{C04733FF-56FF-4A42-9308-3DE1CE5825CE}"
EndProject
Global
	GlobalSection(SolutionConfigurationPlatforms) = preSolution
		Debug|x64 = Debug|x64
		Debug|x86 = Debug|x86
		Release|x64 = Release|x64
		Release|x86 = Release|x86
	EndGlobalSection
	GlobalSection(ProjectConfigurationPlatforms) = postSolution
		{C04733FF-56FF-4A42-9308-3DE1CE5825CE}.Debug|x64.ActiveCfg = Debug|x64
		{C04733FF-56FF-4A42-9308-3DE1CE5825CE}.Debug|x64.Build.0 = Debug|x64
		{C04733FF-56FF-4A42-9308-3DE1CE5825CE}.Debug|x86.ActiveCfg = Debug|Win32
		{C04733FF-56FF-4A42-9308-3DE1CE5825CE}.Debug|x86.Build.0 = Debug|Win32
		{C04733FF-56FF-4A42-9308-3DE1CE5825CE}.Release|x64.ActiveCfg = Release|x64
		{C04733FF-56FF-4A42-9308-3DE1CE5825CE}.Release|x64.Build.0 = Release|x64
		{C04733FF-56FF-4A42-9308-3DE1CE5825CE}.Release|x86.ActiveCfg = Release|Win32
		{C04733FF-56FF-4A42-9308-3DE1CE5825CE}.Release|x86.Build.0 = Release|Win32
	EndGlobalSection
	GlobalSection(SolutionProperties) = preSolution
		HideSolutionNode = FALSE
	EndGlobalSection
	GlobalSection(ExtensibilityGlobals) = postSolution
		SolutionGuid = {2509DB9C-68D9-4178-8EC4-C41AEE3728DF}
	EndGlobalSection
EndGlobal
