<?xml version="1.0" encoding="utf-8"?>
<Project ToolsVersion="4.0" xmlns="http://schemas.microsoft.com/developer/msbuild/2003">
  <ItemGroup>
    <Filter Include="Source Files">
      <UniqueIdentifier>{4FC737F1-C7A5-4376-A066-2A32D752A2FF}</UniqueIdentifier>
      <Extensions>cpp;c;cc;cxx;def;odl;idl;hpj;bat;asm;asmx</Extensions>
    </Filter>
    <Filter Include="Header Files">
      <UniqueIdentifier>{93995380-89BD-4b04-88EB-625FBE52EBFB}</UniqueIdentifier>
      <Extensions>h;hh;hpp;hxx;hm;inl;inc;ipp;xsd</Extensions>
    </Filter>
    <Filter Include="Resource Files">
      <UniqueIdentifier>{67DA6AB6-F800-4c08-8B7A-83BB121AAD01}</UniqueIdentifier>
      <Extensions>rc;ico;cur;bmp;dlg;rc2;rct;bin;rgs;gif;jpg;jpeg;jpe;resx;tiff;tif;png;wav;mfcribbon-ms</Extensions>
    </Filter>
    <Filter Include="Problems">
      <UniqueIdentifier>{b8a44322-8068-4799-a2e3-89f3990eabdd}</UniqueIdentifier>
    </Filter>
    <Filter Include="utility">
      <UniqueIdentifier>{d6260d5e-1434-49ce-8579-1a9c114d8250}</UniqueIdentifier>
    </Filter>
  </ItemGroup>
  <ItemGroup>
    <ClCompile Include="main.cpp">
      <Filter>Source Files</Filter>
    </ClCompile>
    <ClCompile Include="p1.cpp">
      <Filter>Problems</Filter>
    </ClCompile>
    <ClCompile Include="myprint">
      <Filter>utility</Filter>
    </ClCompile>
    <ClCompile Include="p2.cpp">
      <Filter>Problems</Filter>
    </ClCompile>
    <ClCompile Include="p445.cpp">
      <Filter>Problems</Filter>
    </ClCompile>
    <ClCompile Include="p4.cpp">
      <Filter>Problems</Filter>
    </ClCompile>
    <ClCompile Include="p11.cpp">
      <Filter>Problems</Filter>
    </ClCompile>
    <ClCompile Include="p14.cpp">
      <Filter>Problems</Filter>
    </ClCompile>
    <ClCompile Include="p15.cpp">
      <Filter>Problems</Filter>
    </ClCompile>
    <ClCompile Include="p16.cpp">
      <Filter>Problems</Filter>
    </ClCompile>
    <ClCompile Include="p20.cpp">
      <Filter>Problems</Filter>
    </ClCompile>
    <ClCompile Include="p21.cpp">
      <Filter>Problems</Filter>
    </ClCompile>
    <ClCompile Include="functions.cpp">
      <Filter>utility</Filter>
    </ClCompile>
    <ClCompile Include="p23.cpp">
      <Filter>Problems</Filter>
    </ClCompile>
    <ClCompile Include="p26.cpp">
      <Filter>Problems</Filter>
    </ClCompile>
    <ClCompile Include="p33.cpp">
      <Filter>Problems</Filter>
    </ClCompile>
    <ClCompile Include="p1310.cpp">
      <Filter>Problems</Filter>
    </ClCompile>
    <ClCompile Include="p43.cpp">
      <Filter>Problems</Filter>
    </ClCompile>
    <ClCompile Include="p46.cpp">
      <Filter>Problems</Filter>
    </ClCompile>
    <ClCompile Include="p5307.cpp">
      <Filter>Problems</Filter>
    </ClCompile>
    <ClCompile Include="p53.cpp">
      <Filter>Problems</Filter>
    </ClCompile>
    <ClCompile Include="p54.cpp">
      <Filter>Problems</Filter>
    </ClCompile>
    <ClCompile Include="p59.cpp">
      <Filter>Problems</Filter>
    </ClCompile>
    <ClCompile Include="p61.cpp">
      <Filter>Problems</Filter>
    </ClCompile>
    <ClCompile Include="p62.cpp">
      <Filter>Problems</Filter>
    </ClCompile>
    <ClCompile Include="p70.cpp">
      <Filter>Problems</Filter>
    </ClCompile>
  </ItemGroup>
  <ItemGroup>
    <ClInclude Include="TestInterfaces.h">
      <Filter>Header Files</Filter>
    </ClInclude>
    <ClInclude Include="functions.h">
      <Filter>Header Files</Filter>
    </ClInclude>
  </ItemGroup>
</Project>